{
  "name": "langs",
  "version": "1.0.0",
  "lockfileVersion": 1,
  "requires": true,
  "dependencies": {
    "meristem": {
      "version": "1.3.0",
      "resolved": "https://registry.npmjs.org/meristem/-/meristem-1.3.0.tgz",
      "integrity": "sha512-SPkemZWKkyc34/sFI+GoP6nDy3hsxP77QN7A9RWXkwJB30rRY64F3DeD+gVla4ZZHtxDdt6GcLw3IvbEUzLKcQ=="
    }
  }
}
